// !$*UTF8*$!
{
	archiveVersion = 1;
	classes = {
	};
	objectVersion = 55;
	objects = {

/* Begin PBXBuildFile section */
		CA91356329DFCAE400375C7F /* AppDelegate.swift in Sources */ = {isa = PBXBuildFile; fileRef = CA91356229DFCAE400375C7F /* AppDelegate.swift */; };
		CA91356529DFCAE400375C7F /* SceneDelegate.swift in Sources */ = {isa = PBXBuildFile; fileRef = CA91356429DFCAE400375C7F /* SceneDelegate.swift */; };
		CA91356A29DFCAE400375C7F /* Main.storyboard in Resources */ = {isa = PBXBuildFile; fileRef = CA91356829DFCAE400375C7F /* Main.storyboard */; };
		CA91356C29DFCAE900375C7F /* Assets.xcassets in Resources */ = {isa = PBXBuildFile; fileRef = CA91356B29DFCAE900375C7F /* Assets.xcassets */; };
		CA91356F29DFCAE900375C7F /* LaunchScreen.storyboard in Resources */ = {isa = PBXBuildFile; fileRef = CA91356D29DFCAE900375C7F /* LaunchScreen.storyboard */; };
		CA91357A29DFCAE900375C7F /* ClientGitHubAppTests.swift in Sources */ = {isa = PBXBuildFile; fileRef = CA91357929DFCAE900375C7F /* ClientGitHubAppTests.swift */; };
		CA91358429DFCAE900375C7F /* ClientGitHubAppUITests.swift in Sources */ = {isa = PBXBuildFile; fileRef = CA91358329DFCAE900375C7F /* ClientGitHubAppUITests.swift */; };
		CA91358629DFCAE900375C7F /* ClientGitHubAppUITestsLaunchTests.swift in Sources */ = {isa = PBXBuildFile; fileRef = CA91358529DFCAE900375C7F /* ClientGitHubAppUITestsLaunchTests.swift */; };
		CA91359329DFDC7900375C7F /* LoginViewController.swift in Sources */ = {isa = PBXBuildFile; fileRef = CA91359229DFDC7900375C7F /* LoginViewController.swift */; };
		CA91359529DFF25400375C7F /* Constants.swift in Sources */ = {isa = PBXBuildFile; fileRef = CA91359429DFF25400375C7F /* Constants.swift */; };
		CA91359729E06E0400375C7F /* RepositoriesListViewController.swift in Sources */ = {isa = PBXBuildFile; fileRef = CA91359629E06E0400375C7F /* RepositoriesListViewController.swift */; };
		CA91359929E468FE00375C7F /* RequestHelper.swift in Sources */ = {isa = PBXBuildFile; fileRef = CA91359829E468FD00375C7F /* RequestHelper.swift */; };
		CA91359F29E69A9200375C7F /* RepositoryDetailsViewController.swift in Sources */ = {isa = PBXBuildFile; fileRef = CA91359E29E69A9200375C7F /* RepositoryDetailsViewController.swift */; };
		CA9135A129E6E19100375C7F /* Repository.swift in Sources */ = {isa = PBXBuildFile; fileRef = CA9135A029E6E19000375C7F /* Repository.swift */; };
/* End PBXBuildFile section */

/* Begin PBXContainerItemProxy section */
		CA91357629DFCAE900375C7F /* PBXContainerItemProxy */ = {
			isa = PBXContainerItemProxy;
			containerPortal = CA91355729DFCAE400375C7F /* Project object */;
			proxyType = 1;
			remoteGlobalIDString = CA91355E29DFCAE400375C7F;
			remoteInfo = ClientGitHubApp;
		};
		CA91358029DFCAE900375C7F /* PBXContainerItemProxy */ = {
			isa = PBXContainerItemProxy;
			containerPortal = CA91355729DFCAE400375C7F /* Project object */;
			proxyType = 1;
			remoteGlobalIDString = CA91355E29DFCAE400375C7F;
			remoteInfo = ClientGitHubApp;
		};
/* End PBXContainerItemProxy section */

/* Begin PBXFileReference section */
		CA91355F29DFCAE400375C7F /* ClientGitHubApp.app */ = {isa = PBXFileReference; explicitFileType = wrapper.application; includeInIndex = 0; path = ClientGitHubApp.app; sourceTree = BUILT_PRODUCTS_DIR; };
		CA91356229DFCAE400375C7F /* AppDelegate.swift */ = {isa = PBXFileReference; lastKnownFileType = sourcecode.swift; path = AppDelegate.swift; sourceTree = "<group>"; };
		CA91356429DFCAE400375C7F /* SceneDelegate.swift */ = {isa = PBXFileReference; lastKnownFileType = sourcecode.swift; path = SceneDelegate.swift; sourceTree = "<group>"; };
		CA91356929DFCAE400375C7F /* Base */ = {isa = PBXFileReference; lastKnownFileType = file.storyboard; name = Base; path = Base.lproj/Main.storyboard; sourceTree = "<group>"; };
		CA91356B29DFCAE900375C7F /* Assets.xcassets */ = {isa = PBXFileReference; lastKnownFileType = folder.assetcatalog; path = Assets.xcassets; sourceTree = "<group>"; };
		CA91356E29DFCAE900375C7F /* Base */ = {isa = PBXFileReference; lastKnownFileType = file.storyboard; name = Base; path = Base.lproj/LaunchScreen.storyboard; sourceTree = "<group>"; };
		CA91357029DFCAE900375C7F /* Info.plist */ = {isa = PBXFileReference; lastKnownFileType = text.plist.xml; path = Info.plist; sourceTree = "<group>"; };
		CA91357529DFCAE900375C7F /* ClientGitHubAppTests.xctest */ = {isa = PBXFileReference; explicitFileType = wrapper.cfbundle; includeInIndex = 0; path = ClientGitHubAppTests.xctest; sourceTree = BUILT_PRODUCTS_DIR; };
		CA91357929DFCAE900375C7F /* ClientGitHubAppTests.swift */ = {isa = PBXFileReference; lastKnownFileType = sourcecode.swift; path = ClientGitHubAppTests.swift; sourceTree = "<group>"; };
		CA91357F29DFCAE900375C7F /* ClientGitHubAppUITests.xctest */ = {isa = PBXFileReference; explicitFileType = wrapper.cfbundle; includeInIndex = 0; path = ClientGitHubAppUITests.xctest; sourceTree = BUILT_PRODUCTS_DIR; };
		CA91358329DFCAE900375C7F /* ClientGitHubAppUITests.swift */ = {isa = PBXFileReference; lastKnownFileType = sourcecode.swift; path = ClientGitHubAppUITests.swift; sourceTree = "<group>"; };
		CA91358529DFCAE900375C7F /* ClientGitHubAppUITestsLaunchTests.swift */ = {isa = PBXFileReference; lastKnownFileType = sourcecode.swift; path = ClientGitHubAppUITestsLaunchTests.swift; sourceTree = "<group>"; };
		CA91359229DFDC7900375C7F /* LoginViewController.swift */ = {isa = PBXFileReference; lastKnownFileType = sourcecode.swift; path = LoginViewController.swift; sourceTree = "<group>"; };
		CA91359429DFF25400375C7F /* Constants.swift */ = {isa = PBXFileReference; lastKnownFileType = sourcecode.swift; path = Constants.swift; sourceTree = "<group>"; };
		CA91359629E06E0400375C7F /* RepositoriesListViewController.swift */ = {isa = PBXFileReference; lastKnownFileType = sourcecode.swift; path = RepositoriesListViewController.swift; sourceTree = "<group>"; };
		CA91359829E468FD00375C7F /* RequestHelper.swift */ = {isa = PBXFileReference; lastKnownFileType = sourcecode.swift; path = RequestHelper.swift; sourceTree = "<group>"; };
		CA91359E29E69A9200375C7F /* RepositoryDetailsViewController.swift */ = {isa = PBXFileReference; lastKnownFileType = sourcecode.swift; path = RepositoryDetailsViewController.swift; sourceTree = "<group>"; };
		CA9135A029E6E19000375C7F /* Repository.swift */ = {isa = PBXFileReference; lastKnownFileType = sourcecode.swift; path = Repository.swift; sourceTree = "<group>"; };
/* End PBXFileReference section */

/* Begin PBXFrameworksBuildPhase section */
		CA91355C29DFCAE400375C7F /* Frameworks */ = {
			isa = PBXFrameworksBuildPhase;
			buildActionMask = 2147483647;
			files = (
			);
			runOnlyForDeploymentPostprocessing = 0;
		};
		CA91357229DFCAE900375C7F /* Frameworks */ = {
			isa = PBXFrameworksBuildPhase;
			buildActionMask = 2147483647;
			files = (
			);
			runOnlyForDeploymentPostprocessing = 0;
		};
		CA91357C29DFCAE900375C7F /* Frameworks */ = {
			isa = PBXFrameworksBuildPhase;
			buildActionMask = 2147483647;
			files = (
			);
			runOnlyForDeploymentPostprocessing = 0;
		};
/* End PBXFrameworksBuildPhase section */

/* Begin PBXGroup section */
		CA91355629DFCAE400375C7F = {
			isa = PBXGroup;
			children = (
				CA91356129DFCAE400375C7F /* ClientGitHubApp */,
				CA91357829DFCAE900375C7F /* ClientGitHubAppTests */,
				CA91358229DFCAE900375C7F /* ClientGitHubAppUITests */,
				CA91356029DFCAE400375C7F /* Products */,
			);
			sourceTree = "<group>";
		};
		CA91356029DFCAE400375C7F /* Products */ = {
			isa = PBXGroup;
			children = (
				CA91355F29DFCAE400375C7F /* ClientGitHubApp.app */,
				CA91357529DFCAE900375C7F /* ClientGitHubAppTests.xctest */,
				CA91357F29DFCAE900375C7F /* ClientGitHubAppUITests.xctest */,
			);
			name = Products;
			sourceTree = "<group>";
		};
		CA91356129DFCAE400375C7F /* ClientGitHubApp */ = {
			isa = PBXGroup;
			children = (
				CA9135A529E6F07700375C7F /* Constants */,
				CA9135A429E6F03F00375C7F /* Model */,
				CA9135A329E6F01000375C7F /* Networking */,
				CA9135A229E6EFDC00375C7F /* View Controller */,
				CA91356229DFCAE400375C7F /* AppDelegate.swift */,
				CA91356429DFCAE400375C7F /* SceneDelegate.swift */,
				CA91356829DFCAE400375C7F /* Main.storyboard */,
				CA91356B29DFCAE900375C7F /* Assets.xcassets */,
				CA91356D29DFCAE900375C7F /* LaunchScreen.storyboard */,
				CA91357029DFCAE900375C7F /* Info.plist */,
			);
			path = ClientGitHubApp;
			sourceTree = "<group>";
		};
		CA91357829DFCAE900375C7F /* ClientGitHubAppTests */ = {
			isa = PBXGroup;
			children = (
				CA91357929DFCAE900375C7F /* ClientGitHubAppTests.swift */,
			);
			path = ClientGitHubAppTests;
			sourceTree = "<group>";
		};
		CA91358229DFCAE900375C7F /* ClientGitHubAppUITests */ = {
			isa = PBXGroup;
			children = (
				CA91358329DFCAE900375C7F /* ClientGitHubAppUITests.swift */,
				CA91358529DFCAE900375C7F /* ClientGitHubAppUITestsLaunchTests.swift */,
			);
			path = ClientGitHubAppUITests;
			sourceTree = "<group>";
		};
		CA9135A229E6EFDC00375C7F /* View Controller */ = {
			isa = PBXGroup;
			children = (
				CA91359229DFDC7900375C7F /* LoginViewController.swift */,
				CA91359629E06E0400375C7F /* RepositoriesListViewController.swift */,
				CA91359E29E69A9200375C7F /* RepositoryDetailsViewController.swift */,
			);
			path = "View Controller";
			sourceTree = "<group>";
		};
		CA9135A329E6F01000375C7F /* Networking */ = {
			isa = PBXGroup;
			children = (
				CA91359829E468FD00375C7F /* RequestHelper.swift */,
			);
			path = Networking;
			sourceTree = "<group>";
		};
		CA9135A429E6F03F00375C7F /* Model */ = {
			isa = PBXGroup;
			children = (
				CA9135A029E6E19000375C7F /* Repository.swift */,
			);
			path = Model;
			sourceTree = "<group>";
		};
		CA9135A529E6F07700375C7F /* Constants */ = {
			isa = PBXGroup;
			children = (
				CA91359429DFF25400375C7F /* Constants.swift */,
			);
			path = Constants;
			sourceTree = "<group>";
		};
/* End PBXGroup section */

/* Begin PBXNativeTarget section */
		CA91355E29DFCAE400375C7F /* ClientGitHubApp */ = {
			isa = PBXNativeTarget;
			buildConfigurationList = CA91358929DFCAE900375C7F /* Build configuration list for PBXNativeTarget "ClientGitHubApp" */;
			buildPhases = (
				CA91355B29DFCAE400375C7F /* Sources */,
				CA91355C29DFCAE400375C7F /* Frameworks */,
				CA91355D29DFCAE400375C7F /* Resources */,
			);
			buildRules = (
			);
			dependencies = (
			);
			name = ClientGitHubApp;
			productName = ClientGitHubApp;
			productReference = CA91355F29DFCAE400375C7F /* ClientGitHubApp.app */;
			productType = "com.apple.product-type.application";
		};
		CA91357429DFCAE900375C7F /* ClientGitHubAppTests */ = {
			isa = PBXNativeTarget;
			buildConfigurationList = CA91358C29DFCAE900375C7F /* Build configuration list for PBXNativeTarget "ClientGitHubAppTests" */;
			buildPhases = (
				CA91357129DFCAE900375C7F /* Sources */,
				CA91357229DFCAE900375C7F /* Frameworks */,
				CA91357329DFCAE900375C7F /* Resources */,
			);
			buildRules = (
			);
			dependencies = (
				CA91357729DFCAE900375C7F /* PBXTargetDependency */,
			);
			name = ClientGitHubAppTests;
			productName = ClientGitHubAppTests;
			productReference = CA91357529DFCAE900375C7F /* ClientGitHubAppTests.xctest */;
			productType = "com.apple.product-type.bundle.unit-test";
		};
		CA91357E29DFCAE900375C7F /* ClientGitHubAppUITests */ = {
			isa = PBXNativeTarget;
			buildConfigurationList = CA91358F29DFCAE900375C7F /* Build configuration list for PBXNativeTarget "ClientGitHubAppUITests" */;
			buildPhases = (
				CA91357B29DFCAE900375C7F /* Sources */,
				CA91357C29DFCAE900375C7F /* Frameworks */,
				CA91357D29DFCAE900375C7F /* Resources */,
			);
			buildRules = (
			);
			dependencies = (
				CA91358129DFCAE900375C7F /* PBXTargetDependency */,
			);
			name = ClientGitHubAppUITests;
			productName = ClientGitHubAppUITests;
			productReference = CA91357F29DFCAE900375C7F /* ClientGitHubAppUITests.xctest */;
			productType = "com.apple.product-type.bundle.ui-testing";
		};
/* End PBXNativeTarget section */

/* Begin PBXProject section */
		CA91355729DFCAE400375C7F /* Project object */ = {
			isa = PBXProject;
			attributes = {
				BuildIndependentTargetsInParallel = 1;
				LastSwiftUpdateCheck = 1340;
				LastUpgradeCheck = 1340;
				TargetAttributes = {
					CA91355E29DFCAE400375C7F = {
						CreatedOnToolsVersion = 13.4.1;
					};
					CA91357429DFCAE900375C7F = {
						CreatedOnToolsVersion = 13.4.1;
						TestTargetID = CA91355E29DFCAE400375C7F;
					};
					CA91357E29DFCAE900375C7F = {
						CreatedOnToolsVersion = 13.4.1;
						TestTargetID = CA91355E29DFCAE400375C7F;
					};
				};
			};
			buildConfigurationList = CA91355A29DFCAE400375C7F /* Build configuration list for PBXProject "ClientGitHubApp" */;
			compatibilityVersion = "Xcode 13.0";
			developmentRegion = en;
			hasScannedForEncodings = 0;
			knownRegions = (
				en,
				Base,
			);
			mainGroup = CA91355629DFCAE400375C7F;
			productRefGroup = CA91356029DFCAE400375C7F /* Products */;
			projectDirPath = "";
			projectRoot = "";
			targets = (
				CA91355E29DFCAE400375C7F /* ClientGitHubApp */,
				CA91357429DFCAE900375C7F /* ClientGitHubAppTests */,
				CA91357E29DFCAE900375C7F /* ClientGitHubAppUITests */,
			);
		};
/* End PBXProject section */

/* Begin PBXResourcesBuildPhase section */
		CA91355D29DFCAE400375C7F /* Resources */ = {
			isa = PBXResourcesBuildPhase;
			buildActionMask = 2147483647;
			files = (
				CA91356F29DFCAE900375C7F /* LaunchScreen.storyboard in Resources */,
				CA91356C29DFCAE900375C7F /* Assets.xcassets in Resources */,
				CA91356A29DFCAE400375C7F /* Main.storyboard in Resources */,
			);
			runOnlyForDeploymentPostprocessing = 0;
		};
		CA91357329DFCAE900375C7F /* Resources */ = {
			isa = PBXResourcesBuildPhase;
			buildActionMask = 2147483647;
			files = (
			);
			runOnlyForDeploymentPostprocessing = 0;
		};
		CA91357D29DFCAE900375C7F /* Resources */ = {
			isa = PBXResourcesBuildPhase;
			buildActionMask = 2147483647;
			files = (
			);
			runOnlyForDeploymentPostprocessing = 0;
		};
/* End PBXResourcesBuildPhase section */

/* Begin PBXSourcesBuildPhase section */
		CA91355B29DFCAE400375C7F /* Sources */ = {
			isa = PBXSourcesBuildPhase;
			buildActionMask = 2147483647;
			files = (
				CA91359729E06E0400375C7F /* RepositoriesListViewController.swift in Sources */,
				CA91359F29E69A9200375C7F /* RepositoryDetailsViewController.swift in Sources */,
				CA91359529DFF25400375C7F /* Constants.swift in Sources */,
				CA91359329DFDC7900375C7F /* LoginViewController.swift in Sources */,
				CA91359929E468FE00375C7F /* RequestHelper.swift in Sources */,
				CA91356329DFCAE400375C7F /* AppDelegate.swift in Sources */,
				CA91356529DFCAE400375C7F /* SceneDelegate.swift in Sources */,
				CA9135A129E6E19100375C7F /* Repository.swift in Sources */,
			);
			runOnlyForDeploymentPostprocessing = 0;
		};
		CA91357129DFCAE900375C7F /* Sources */ = {
			isa = PBXSourcesBuildPhase;
			buildActionMask = 2147483647;
			files = (
				CA91357A29DFCAE900375C7F /* ClientGitHubAppTests.swift in Sources */,
			);
			runOnlyForDeploymentPostprocessing = 0;
		};
		CA91357B29DFCAE900375C7F /* Sources */ = {
			isa = PBXSourcesBuildPhase;
			buildActionMask = 2147483647;
			files = (
				CA91358629DFCAE900375C7F /* ClientGitHubAppUITestsLaunchTests.swift in Sources */,
				CA91358429DFCAE900375C7F /* ClientGitHubAppUITests.swift in Sources */,
			);
			runOnlyForDeploymentPostprocessing = 0;
		};
/* End PBXSourcesBuildPhase section */

/* Begin PBXTargetDependency section */
		CA91357729DFCAE900375C7F /* PBXTargetDependency */ = {
			isa = PBXTargetDependency;
			target = CA91355E29DFCAE400375C7F /* ClientGitHubApp */;
			targetProxy = CA91357629DFCAE900375C7F /* PBXContainerItemProxy */;
		};
		CA91358129DFCAE900375C7F /* PBXTargetDependency */ = {
			isa = PBXTargetDependency;
			target = CA91355E29DFCAE400375C7F /* ClientGitHubApp */;
			targetProxy = CA91358029DFCAE900375C7F /* PBXContainerItemProxy */;
		};
/* End PBXTargetDependency section */

/* Begin PBXVariantGroup section */
		CA91356829DFCAE400375C7F /* Main.storyboard */ = {
			isa = PBXVariantGroup;
			children = (
				CA91356929DFCAE400375C7F /* Base */,
			);
			name = Main.storyboard;
			sourceTree = "<group>";
		};
		CA91356D29DFCAE900375C7F /* LaunchScreen.storyboard */ = {
			isa = PBXVariantGroup;
			children = (
				CA91356E29DFCAE900375C7F /* Base */,
			);
			name = LaunchScreen.storyboard;
			sourceTree = "<group>";
		};
/* End PBXVariantGroup section */

/* Begin XCBuildConfiguration section */
		CA91358729DFCAE900375C7F /* Debug */ = {
			isa = XCBuildConfiguration;
			buildSettings = {
				ALWAYS_SEARCH_USER_PATHS = NO;
				CLANG_ANALYZER_NONNULL = YES;
				CLANG_ANALYZER_NUMBER_OBJECT_CONVERSION = YES_AGGRESSIVE;
				CLANG_CXX_LANGUAGE_STANDARD = "gnu++17";
				CLANG_ENABLE_MODULES = YES;
				CLANG_ENABLE_OBJC_ARC = YES;
				CLANG_ENABLE_OBJC_WEAK = YES;
				CLANG_WARN_BLOCK_CAPTURE_AUTORELEASING = YES;
				CLANG_WARN_BOOL_CONVERSION = YES;
				CLANG_WARN_COMMA = YES;
				CLANG_WARN_CONSTANT_CONVERSION = YES;
				CLANG_WARN_DEPRECATED_OBJC_IMPLEMENTATIONS = YES;
				CLANG_WARN_DIRECT_OBJC_ISA_USAGE = YES_ERROR;
				CLANG_WARN_DOCUMENTATION_COMMENTS = YES;
				CLANG_WARN_EMPTY_BODY = YES;
				CLANG_WARN_ENUM_CONVERSION = YES;
				CLANG_WARN_INFINITE_RECURSION = YES;
				CLANG_WARN_INT_CONVERSION = YES;
				CLANG_WARN_NON_LITERAL_NULL_CONVERSION = YES;
				CLANG_WARN_OBJC_IMPLICIT_RETAIN_SELF = YES;
				CLANG_WARN_OBJC_LITERAL_CONVERSION = YES;
				CLANG_WARN_OBJC_ROOT_CLASS = YES_ERROR;
				CLANG_WARN_QUOTED_INCLUDE_IN_FRAMEWORK_HEADER = YES;
				CLANG_WARN_RANGE_LOOP_ANALYSIS = YES;
				CLANG_WARN_STRICT_PROTOTYPES = YES;
				CLANG_WARN_SUSPICIOUS_MOVE = YES;
				CLANG_WARN_UNGUARDED_AVAILABILITY = YES_AGGRESSIVE;
				CLANG_WARN_UNREACHABLE_CODE = YES;
				CLANG_WARN__DUPLICATE_METHOD_MATCH = YES;
				COPY_PHASE_STRIP = NO;
				DEBUG_INFORMATION_FORMAT = dwarf;
				ENABLE_STRICT_OBJC_MSGSEND = YES;
				ENABLE_TESTABILITY = YES;
				GCC_C_LANGUAGE_STANDARD = gnu11;
				GCC_DYNAMIC_NO_PIC = NO;
				GCC_NO_COMMON_BLOCKS = YES;
				GCC_OPTIMIZATION_LEVEL = 0;
				GCC_PREPROCESSOR_DEFINITIONS = (
					"DEBUG=1",
					"$(inherited)",
				);
				GCC_WARN_64_TO_32_BIT_CONVERSION = YES;
				GCC_WARN_ABOUT_RETURN_TYPE = YES_ERROR;
				GCC_WARN_UNDECLARED_SELECTOR = YES;
				GCC_WARN_UNINITIALIZED_AUTOS = YES_AGGRESSIVE;
				GCC_WARN_UNUSED_FUNCTION = YES;
				GCC_WARN_UNUSED_VARIABLE = YES;
				IPHONEOS_DEPLOYMENT_TARGET = 15.5;
				MTL_ENABLE_DEBUG_INFO = INCLUDE_SOURCE;
				MTL_FAST_MATH = YES;
				ONLY_ACTIVE_ARCH = YES;
				SDKROOT = iphoneos;
				SWIFT_ACTIVE_COMPILATION_CONDITIONS = DEBUG;
				SWIFT_OPTIMIZATION_LEVEL = "-Onone";
			};
			name = Debug;
		};
		CA91358829DFCAE900375C7F /* Release */ = {
			isa = XCBuildConfiguration;
			buildSettings = {
				ALWAYS_SEARCH_USER_PATHS = NO;
				CLANG_ANALYZER_NONNULL = YES;
				CLANG_ANALYZER_NUMBER_OBJECT_CONVERSION = YES_AGGRESSIVE;
				CLANG_CXX_LANGUAGE_STANDARD = "gnu++17";
				CLANG_ENABLE_MODULES = YES;
				CLANG_ENABLE_OBJC_ARC = YES;
				CLANG_ENABLE_OBJC_WEAK = YES;
				CLANG_WARN_BLOCK_CAPTURE_AUTORELEASING = YES;
				CLANG_WARN_BOOL_CONVERSION = YES;
				CLANG_WARN_COMMA = YES;
				CLANG_WARN_CONSTANT_CONVERSION = YES;
				CLANG_WARN_DEPRECATED_OBJC_IMPLEMENTATIONS = YES;
				CLANG_WARN_DIRECT_OBJC_ISA_USAGE = YES_ERROR;
				CLANG_WARN_DOCUMENTATION_COMMENTS = YES;
				CLANG_WARN_EMPTY_BODY = YES;
				CLANG_WARN_ENUM_CONVERSION = YES;
				CLANG_WARN_INFINITE_RECURSION = YES;
				CLANG_WARN_INT_CONVERSION = YES;
				CLANG_WARN_NON_LITERAL_NULL_CONVERSION = YES;
				CLANG_WARN_OBJC_IMPLICIT_RETAIN_SELF = YES;
				CLANG_WARN_OBJC_LITERAL_CONVERSION = YES;
				CLANG_WARN_OBJC_ROOT_CLASS = YES_ERROR;
				CLANG_WARN_QUOTED_INCLUDE_IN_FRAMEWORK_HEADER = YES;
				CLANG_WARN_RANGE_LOOP_ANALYSIS = YES;
				CLANG_WARN_STRICT_PROTOTYPES = YES;
				CLANG_WARN_SUSPICIOUS_MOVE = YES;
				CLANG_WARN_UNGUARDED_AVAILABILITY = YES_AGGRESSIVE;
				CLANG_WARN_UNREACHABLE_CODE = YES;
				CLANG_WARN__DUPLICATE_METHOD_MATCH = YES;
				COPY_PHASE_STRIP = NO;
				DEBUG_INFORMATION_FORMAT = "dwarf-with-dsym";
				ENABLE_NS_ASSERTIONS = NO;
				ENABLE_STRICT_OBJC_MSGSEND = YES;
				GCC_C_LANGUAGE_STANDARD = gnu11;
				GCC_NO_COMMON_BLOCKS = YES;
				GCC_WARN_64_TO_32_BIT_CONVERSION = YES;
				GCC_WARN_ABOUT_RETURN_TYPE = YES_ERROR;
				GCC_WARN_UNDECLARED_SELECTOR = YES;
				GCC_WARN_UNINITIALIZED_AUTOS = YES_AGGRESSIVE;
				GCC_WARN_UNUSED_FUNCTION = YES;
				GCC_WARN_UNUSED_VARIABLE = YES;
				IPHONEOS_DEPLOYMENT_TARGET = 15.5;
				MTL_ENABLE_DEBUG_INFO = NO;
				MTL_FAST_MATH = YES;
				SDKROOT = iphoneos;
				SWIFT_COMPILATION_MODE = wholemodule;
				SWIFT_OPTIMIZATION_LEVEL = "-O";
				VALIDATE_PRODUCT = YES;
			};
			name = Release;
		};
		CA91358A29DFCAE900375C7F /* Debug */ = {
			isa = XCBuildConfiguration;
			buildSettings = {
				ASSETCATALOG_COMPILER_APPICON_NAME = AppIcon;
				ASSETCATALOG_COMPILER_GLOBAL_ACCENT_COLOR_NAME = AccentColor;
				CODE_SIGN_STYLE = Automatic;
				CURRENT_PROJECT_VERSION = 1;
				DEVELOPMENT_TEAM = C3297467HN;
				GENERATE_INFOPLIST_FILE = YES;
				INFOPLIST_FILE = ClientGitHubApp/Info.plist;
				INFOPLIST_KEY_CFBundleDisplayName = ClientGitHubApp;
				INFOPLIST_KEY_UIApplicationSupportsIndirectInputEvents = YES;
				INFOPLIST_KEY_UILaunchStoryboardName = LaunchScreen;
				INFOPLIST_KEY_UIMainStoryboardFile = Main;
				INFOPLIST_KEY_UISupportedInterfaceOrientations_iPad = "UIInterfaceOrientationPortrait UIInterfaceOrientationPortraitUpsideDown UIInterfaceOrientationLandscapeLeft UIInterfaceOrientationLandscapeRight";
				INFOPLIST_KEY_UISupportedInterfaceOrientations_iPhone = "UIInterfaceOrientationPortrait UIInterfaceOrientationLandscapeLeft UIInterfaceOrientationLandscapeRight";
				IPHONEOS_DEPLOYMENT_TARGET = 14.0;
				LD_RUNPATH_SEARCH_PATHS = (
					"$(inherited)",
					"@executable_path/Frameworks",
				);
				MARKETING_VERSION = 1.0;
				PRODUCT_BUNDLE_IDENTIFIER = yugandhara.ClientGitHubApp;
				PRODUCT_NAME = "$(TARGET_NAME)";
				SWIFT_EMIT_LOC_STRINGS = YES;
				SWIFT_VERSION = 5.0;
				TARGETED_DEVICE_FAMILY = "1,2";
			};
			name = Debug;
		};
		CA91358B29DFCAE900375C7F /* Release */ = {
			isa = XCBuildConfiguration;
			buildSettings = {
				ASSETCATALOG_COMPILER_APPICON_NAME = AppIcon;
				ASSETCATALOG_COMPILER_GLOBAL_ACCENT_COLOR_NAME = AccentColor;
				CODE_SIGN_STYLE = Automatic;
				CURRENT_PROJECT_VERSION = 1;
				DEVELOPMENT_TEAM = C3297467HN;
				GENERATE_INFOPLIST_FILE = YES;
				INFOPLIST_FILE = ClientGitHubApp/Info.plist;
				INFOPLIST_KEY_CFBundleDisplayName = ClientGitHubApp;
				INFOPLIST_KEY_UIApplicationSupportsIndirectInputEvents = YES;
				INFOPLIST_KEY_UILaunchStoryboardName = LaunchScreen;
				INFOPLIST_KEY_UIMainStoryboardFile = Main;
				INFOPLIST_KEY_UISupportedInterfaceOrientations_iPad = "UIInterfaceOrientationPortrait UIInterfaceOrientationPortraitUpsideDown UIInterfaceOrientationLandscapeLeft UIInterfaceOrientationLandscapeRight";
				INFOPLIST_KEY_UISupportedInterfaceOrientations_iPhone = "UIInterfaceOrientationPortrait UIInterfaceOrientationLandscapeLeft UIInterfaceOrientationLandscapeRight";
				IPHONEOS_DEPLOYMENT_TARGET = 14.0;
				LD_RUNPATH_SEARCH_PATHS = (
					"$(inherited)",
					"@executable_path/Frameworks",
				);
				MARKETING_VERSION = 1.0;
				PRODUCT_BUNDLE_IDENTIFIER = yugandhara.ClientGitHubApp;
				PRODUCT_NAME = "$(TARGET_NAME)";
				SWIFT_EMIT_LOC_STRINGS = YES;
				SWIFT_VERSION = 5.0;
				TARGETED_DEVICE_FAMILY = "1,2";
			};
			name = Release;
		};
		CA91358D29DFCAE900375C7F /* Debug */ = {
			isa = XCBuildConfiguration;
			buildSettings = {
				ALWAYS_EMBED_SWIFT_STANDARD_LIBRARIES = YES;
				BUNDLE_LOADER = "$(TEST_HOST)";
				CODE_SIGN_STYLE = Automatic;
				CURRENT_PROJECT_VERSION = 1;
				DEVELOPMENT_TEAM = C3297467HN;
				GENERATE_INFOPLIST_FILE = YES;
				IPHONEOS_DEPLOYMENT_TARGET = 15.5;
				MARKETING_VERSION = 1.0;
				PRODUCT_BUNDLE_IDENTIFIER = yugandhara.ClientGitHubAppTests;
				PRODUCT_NAME = "$(TARGET_NAME)";
				SWIFT_EMIT_LOC_STRINGS = NO;
				SWIFT_VERSION = 5.0;
				TARGETED_DEVICE_FAMILY = "1,2";
				TEST_HOST = "$(BUILT_PRODUCTS_DIR)/ClientGitHubApp.app/ClientGitHubApp";
			};
			name = Debug;
		};
		CA91358E29DFCAE900375C7F /* Release */ = {
			isa = XCBuildConfiguration;
			buildSettings = {
				ALWAYS_EMBED_SWIFT_STANDARD_LIBRARIES = YES;
				BUNDLE_LOADER = "$(TEST_HOST)";
				CODE_SIGN_STYLE = Automatic;
				CURRENT_PROJECT_VERSION = 1;
				DEVELOPMENT_TEAM = C3297467HN;
				GENERATE_INFOPLIST_FILE = YES;
				IPHONEOS_DEPLOYMENT_TARGET = 15.5;
				MARKETING_VERSION = 1.0;
				PRODUCT_BUNDLE_IDENTIFIER = yugandhara.ClientGitHubAppTests;
				PRODUCT_NAME = "$(TARGET_NAME)";
				SWIFT_EMIT_LOC_STRINGS = NO;
				SWIFT_VERSION = 5.0;
				TARGETED_DEVICE_FAMILY = "1,2";
				TEST_HOST = "$(BUILT_PRODUCTS_DIR)/ClientGitHubApp.app/ClientGitHubApp";
			};
			name = Release;
		};
		CA91359029DFCAE900375C7F /* Debug */ = {
			isa = XCBuildConfiguration;
			buildSettings = {
				ALWAYS_EMBED_SWIFT_STANDARD_LIBRARIES = YES;
				CODE_SIGN_STYLE = Automatic;
				CURRENT_PROJECT_VERSION = 1;
				DEVELOPMENT_TEAM = C3297467HN;
				GENERATE_INFOPLIST_FILE = YES;
				MARKETING_VERSION = 1.0;
				PRODUCT_BUNDLE_IDENTIFIER = yugandhara.ClientGitHubAppUITests;
				PRODUCT_NAME = "$(TARGET_NAME)";
				SWIFT_EMIT_LOC_STRINGS = NO;
				SWIFT_VERSION = 5.0;
				TARGETED_DEVICE_FAMILY = "1,2";
				TEST_TARGET_NAME = ClientGitHubApp;
			};
			name = Debug;
		};
		CA91359129DFCAE900375C7F /* Release */ = {
			isa = XCBuildConfiguration;
			buildSettings = {
				ALWAYS_EMBED_SWIFT_STANDARD_LIBRARIES = YES;
				CODE_SIGN_STYLE = Automatic;
				CURRENT_PROJECT_VERSION = 1;
				DEVELOPMENT_TEAM = C3297467HN;
				GENERATE_INFOPLIST_FILE = YES;
				MARKETING_VERSION = 1.0;
				PRODUCT_BUNDLE_IDENTIFIER = yugandhara.ClientGitHubAppUITests;
				PRODUCT_NAME = "$(TARGET_NAME)";
				SWIFT_EMIT_LOC_STRINGS = NO;
				SWIFT_VERSION = 5.0;
				TARGETED_DEVICE_FAMILY = "1,2";
				TEST_TARGET_NAME = ClientGitHubApp;
			};
			name = Release;
		};
/* End XCBuildConfiguration section */

/* Begin XCConfigurationList section */
		CA91355A29DFCAE400375C7F /* Build configuration list for PBXProject "ClientGitHubApp" */ = {
			isa = XCConfigurationList;
			buildConfigurations = (
				CA91358729DFCAE900375C7F /* Debug */,
				CA91358829DFCAE900375C7F /* Release */,
			);
			defaultConfigurationIsVisible = 0;
			defaultConfigurationName = Release;
		};
		CA91358929DFCAE900375C7F /* Build configuration list for PBXNativeTarget "ClientGitHubApp" */ = {
			isa = XCConfigurationList;
			buildConfigurations = (
				CA91358A29DFCAE900375C7F /* Debug */,
				CA91358B29DFCAE900375C7F /* Release */,
			);
			defaultConfigurationIsVisible = 0;
			defaultConfigurationName = Release;
		};
		CA91358C29DFCAE900375C7F /* Build configuration list for PBXNativeTarget "ClientGitHubAppTests" */ = {
			isa = XCConfigurationList;
			buildConfigurations = (
				CA91358D29DFCAE900375C7F /* Debug */,
				CA91358E29DFCAE900375C7F /* Release */,
			);
			defaultConfigurationIsVisible = 0;
			defaultConfigurationName = Release;
		};
		CA91358F29DFCAE900375C7F /* Build configuration list for PBXNativeTarget "ClientGitHubAppUITests" */ = {
			isa = XCConfigurationList;
			buildConfigurations = (
				CA91359029DFCAE900375C7F /* Debug */,
				CA91359129DFCAE900375C7F /* Release */,
			);
			defaultConfigurationIsVisible = 0;
			defaultConfigurationName = Release;
		};
/* End XCConfigurationList section */
	};
	rootObject = CA91355729DFCAE400375C7F /* Project object */;
}
